
Microsoft Visual Studio Solution File, Format Version 12.00
# Visual Studio Version 16
VisualStudioVersion = 16.0.31112.23
MinimumVisualStudioVersion = 10.0.40219.1
Project("{FAE04EC0-301F-11D3-BF4B-00C04F79EFBC}") = "Entidades", "Entidades1\Entidades.csproj", "{CDB63C86-81D1-4F69-A861-00D17438648D}"
EndProject
Project("{FAE04EC0-301F-11D3-BF4B-00C04F79EFBC}") = "MiCalculadora", "MiCalculadora\MiCalculadora.csproj", "{928A2C19-307F-462F-89FE-8C2A44FBE023}"
EndProject
Global
	GlobalSection(SolutionConfigurationPlatforms) = preSolution
		Debug|Any CPU = Debug|Any CPU
		Release|Any CPU = Release|Any CPU
	EndGlobalSection
	GlobalSection(ProjectConfigurationPlatforms) = postSolution
		{CDB63C86-81D1-4F69-A861-00D17438648D}.Debug|Any CPU.ActiveCfg = Debug|Any CPU
		{CDB63C86-81D1-4F69-A861-00D17438648D}.Debug|Any CPU.Build.0 = Debug|Any CPU
		{CDB63C86-81D1-4F69-A861-00D17438648D}.Release|Any CPU.ActiveCfg = Release|Any CPU
		{CDB63C86-81D1-4F69-A861-00D17438648D}.Release|Any CPU.Build.0 = Release|Any CPU
		{928A2C19-307F-462F-89FE-8C2A44FBE023}.Debug|Any CPU.ActiveCfg = Debug|Any CPU
		{928A2C19-307F-462F-89FE-8C2A44FBE023}.Debug|Any CPU.Build.0 = Debug|Any CPU
		{928A2C19-307F-462F-89FE-8C2A44FBE023}.Release|Any CPU.ActiveCfg = Release|Any CPU
		{928A2C19-307F-462F-89FE-8C2A44FBE023}.Release|Any CPU.Build.0 = Release|Any CPU
	EndGlobalSection
	GlobalSection(SolutionProperties) = preSolution
		HideSolutionNode = FALSE
	EndGlobalSection
	GlobalSection(ExtensibilityGlobals) = postSolution
		SolutionGuid = {C1DA600A-8B8F-42C2-A41B-26356B377D41}
	EndGlobalSection
EndGlobal
