
Microsoft Visual Studio Solution File, Format Version 12.00
# Visual Studio Version 16
VisualStudioVersion = 16.0.31321.278
MinimumVisualStudioVersion = 10.0.40219.1
Project("{FAE04EC0-301F-11D3-BF4B-00C04F79EFBC}") = "Entidades", "Entidades\Entidades.csproj", "{787B817B-3AD6-4002-899C-3DB3D5B15172}"
EndProject
Project("{FAE04EC0-301F-11D3-BF4B-00C04F79EFBC}") = "PruebaLuteria", "PruebaLuteria\PruebaLuteria.csproj", "{B9758829-B137-42D1-93D8-20FAB7A87AED}"
EndProject
Project("{FAE04EC0-301F-11D3-BF4B-00C04F79EFBC}") = "Luteria Forms", "Luteria Forms\Luteria Forms.csproj", "{AA104D80-3A3C-44BB-B19A-5ECDE350D5FB}"
EndProject
Global
	GlobalSection(SolutionConfigurationPlatforms) = preSolution
		Debug|Any CPU = Debug|Any CPU
		Release|Any CPU = Release|Any CPU
	EndGlobalSection
	GlobalSection(ProjectConfigurationPlatforms) = postSolution
		{787B817B-3AD6-4002-899C-3DB3D5B15172}.Debug|Any CPU.ActiveCfg = Debug|Any CPU
		{787B817B-3AD6-4002-899C-3DB3D5B15172}.Debug|Any CPU.Build.0 = Debug|Any CPU
		{787B817B-3AD6-4002-899C-3DB3D5B15172}.Release|Any CPU.ActiveCfg = Release|Any CPU
		{787B817B-3AD6-4002-899C-3DB3D5B15172}.Release|Any CPU.Build.0 = Release|Any CPU
		{B9758829-B137-42D1-93D8-20FAB7A87AED}.Debug|Any CPU.ActiveCfg = Debug|Any CPU
		{B9758829-B137-42D1-93D8-20FAB7A87AED}.Debug|Any CPU.Build.0 = Debug|Any CPU
		{B9758829-B137-42D1-93D8-20FAB7A87AED}.Release|Any CPU.ActiveCfg = Release|Any CPU
		{B9758829-B137-42D1-93D8-20FAB7A87AED}.Release|Any CPU.Build.0 = Release|Any CPU
		{AA104D80-3A3C-44BB-B19A-5ECDE350D5FB}.Debug|Any CPU.ActiveCfg = Debug|Any CPU
		{AA104D80-3A3C-44BB-B19A-5ECDE350D5FB}.Debug|Any CPU.Build.0 = Debug|Any CPU
		{AA104D80-3A3C-44BB-B19A-5ECDE350D5FB}.Release|Any CPU.ActiveCfg = Release|Any CPU
		{AA104D80-3A3C-44BB-B19A-5ECDE350D5FB}.Release|Any CPU.Build.0 = Release|Any CPU
	EndGlobalSection
	GlobalSection(SolutionProperties) = preSolution
		HideSolutionNode = FALSE
	EndGlobalSection
	GlobalSection(ExtensibilityGlobals) = postSolution
		SolutionGuid = {7ECB24E0-2456-4702-9EBC-536094DEA757}
	EndGlobalSection
EndGlobal
